
Microsoft Visual Studio Solution File, Format Version 12.00
# Visual Studio 15
VisualStudioVersion = 15.0.28307.329
MinimumVisualStudioVersion = 10.0.40219.1
Project("{FAE04EC0-301F-11D3-BF4B-00C04F79EFBC}") = "FF_Fishing", "FF_Fishing\FF_Fishing.csproj", "{759DEA08-7E95-4C7F-8B87-F95FC9406D9F}"
EndProject
Project("{FAE04EC0-301F-11D3-BF4B-00C04F79EFBC}") = "TiqUtils", "TiqUtils\TiqUtils\TiqUtils.csproj", "{ADD36AFD-5E81-40E7-93F8-381CF03C5FD2}"
EndProject
Project("{FAE04EC0-301F-11D3-BF4B-00C04F79EFBC}") = "TiQWpfUtils", "TiQWpfUtils\TiQWpfUtils\TiQWpfUtils.csproj", "{B03903AE-CB73-4DAB-91D8-439F4AAD4806}"
EndProject
Global
	GlobalSection(SolutionConfigurationPlatforms) = preSolution
		Debug|Any CPU = Debug|Any CPU
		Release|Any CPU = Release|Any CPU
	EndGlobalSection
	GlobalSection(ProjectConfigurationPlatforms) = postSolution
		{759DEA08-7E95-4C7F-8B87-F95FC9406D9F}.Debug|Any CPU.ActiveCfg = Debug|Any CPU
		{759DEA08-7E95-4C7F-8B87-F95FC9406D9F}.Debug|Any CPU.Build.0 = Debug|Any CPU
		{759DEA08-7E95-4C7F-8B87-F95FC9406D9F}.Release|Any CPU.ActiveCfg = Release|Any CPU
		{759DEA08-7E95-4C7F-8B87-F95FC9406D9F}.Release|Any CPU.Build.0 = Release|Any CPU
		{ADD36AFD-5E81-40E7-93F8-381CF03C5FD2}.Debug|Any CPU.ActiveCfg = Debug|Any CPU
		{ADD36AFD-5E81-40E7-93F8-381CF03C5FD2}.Debug|Any CPU.Build.0 = Debug|Any CPU
		{ADD36AFD-5E81-40E7-93F8-381CF03C5FD2}.Release|Any CPU.ActiveCfg = Release|Any CPU
		{ADD36AFD-5E81-40E7-93F8-381CF03C5FD2}.Release|Any CPU.Build.0 = Release|Any CPU
		{B03903AE-CB73-4DAB-91D8-439F4AAD4806}.Debug|Any CPU.ActiveCfg = Debug|Any CPU
		{B03903AE-CB73-4DAB-91D8-439F4AAD4806}.Debug|Any CPU.Build.0 = Debug|Any CPU
		{B03903AE-CB73-4DAB-91D8-439F4AAD4806}.Release|Any CPU.ActiveCfg = Release|Any CPU
		{B03903AE-CB73-4DAB-91D8-439F4AAD4806}.Release|Any CPU.Build.0 = Release|Any CPU
	EndGlobalSection
	GlobalSection(SolutionProperties) = preSolution
		HideSolutionNode = FALSE
	EndGlobalSection
	GlobalSection(ExtensibilityGlobals) = postSolution
		SolutionGuid = {9104038D-C3D4-4533-9A5A-A18E55D9257E}
	EndGlobalSection
EndGlobal
